
Microsoft Visual Studio Solution File, Format Version 12.00
# Visual Studio Version 16
VisualStudioVersion = 16.0.32126.315
MinimumVisualStudioVersion = 10.0.40219.1
Project("{8BC9CEB8-8B4A-11D0-8D11-00A0C91BC942}") = "1", "1\1.vcxproj", "{06F85770-58BA-4C92-82CE-9DC6E7DD2855}"
EndProject
Project("{8BC9CEB8-8B4A-11D0-8D11-00A0C91BC942}") = "2", "2\2.vcxproj", "{1565E7F6-0221-484B-957A-F56BAC6206C0}"
EndProject
Global
	GlobalSection(SolutionConfigurationPlatforms) = preSolution
		Debug|x64 = Debug|x64
		Debug|x86 = Debug|x86
		Release|x64 = Release|x64
		Release|x86 = Release|x86
	EndGlobalSection
	GlobalSection(ProjectConfigurationPlatforms) = postSolution
		{06F85770-58BA-4C92-82CE-9DC6E7DD2855}.Debug|x64.ActiveCfg = Debug|x64
		{06F85770-58BA-4C92-82CE-9DC6E7DD2855}.Debug|x64.Build.0 = Debug|x64
		{06F85770-58BA-4C92-82CE-9DC6E7DD2855}.Debug|x86.ActiveCfg = Debug|Win32
		{06F85770-58BA-4C92-82CE-9DC6E7DD2855}.Debug|x86.Build.0 = Debug|Win32
		{06F85770-58BA-4C92-82CE-9DC6E7DD2855}.Release|x64.ActiveCfg = Release|x64
		{06F85770-58BA-4C92-82CE-9DC6E7DD2855}.Release|x64.Build.0 = Release|x64
		{06F85770-58BA-4C92-82CE-9DC6E7DD2855}.Release|x86.ActiveCfg = Release|Win32
		{06F85770-58BA-4C92-82CE-9DC6E7DD2855}.Release|x86.Build.0 = Release|Win32
		{1565E7F6-0221-484B-957A-F56BAC6206C0}.Debug|x64.ActiveCfg = Debug|x64
		{1565E7F6-0221-484B-957A-F56BAC6206C0}.Debug|x64.Build.0 = Debug|x64
		{1565E7F6-0221-484B-957A-F56BAC6206C0}.Debug|x86.ActiveCfg = Debug|Win32
		{1565E7F6-0221-484B-957A-F56BAC6206C0}.Debug|x86.Build.0 = Debug|Win32
		{1565E7F6-0221-484B-957A-F56BAC6206C0}.Release|x64.ActiveCfg = Release|x64
		{1565E7F6-0221-484B-957A-F56BAC6206C0}.Release|x64.Build.0 = Release|x64
		{1565E7F6-0221-484B-957A-F56BAC6206C0}.Release|x86.ActiveCfg = Release|Win32
		{1565E7F6-0221-484B-957A-F56BAC6206C0}.Release|x86.Build.0 = Release|Win32
	EndGlobalSection
	GlobalSection(SolutionProperties) = preSolution
		HideSolutionNode = FALSE
	EndGlobalSection
	GlobalSection(ExtensibilityGlobals) = postSolution
		SolutionGuid = {4E4CE1E6-0BC1-4E22-8F9F-11513EC2C217}
	EndGlobalSection
EndGlobal
