
Microsoft Visual Studio Solution File, Format Version 12.00
# Visual Studio Version 16
VisualStudioVersion = 16.0.32126.315
MinimumVisualStudioVersion = 10.0.40219.1
Project("{8BC9CEB8-8B4A-11D0-8D11-00A0C91BC942}") = "1", "1\1.vcxproj", "{7F736561-9957-4584-9F5F-E67FD103EA19}"
EndProject
Project("{8BC9CEB8-8B4A-11D0-8D11-00A0C91BC942}") = "3", "3\3.vcxproj", "{4536EB8A-F0FC-4CFF-A856-78BF1361B2F0}"
EndProject
Project("{8BC9CEB8-8B4A-11D0-8D11-00A0C91BC942}") = "2", "2\2.vcxproj", "{2D6F8C3B-0803-4D2F-8B66-0EE942E2E64C}"
EndProject
Global
	GlobalSection(SolutionConfigurationPlatforms) = preSolution
		Debug|x64 = Debug|x64
		Debug|x86 = Debug|x86
		Release|x64 = Release|x64
		Release|x86 = Release|x86
	EndGlobalSection
	GlobalSection(ProjectConfigurationPlatforms) = postSolution
		{7F736561-9957-4584-9F5F-E67FD103EA19}.Debug|x64.ActiveCfg = Debug|x64
		{7F736561-9957-4584-9F5F-E67FD103EA19}.Debug|x64.Build.0 = Debug|x64
		{7F736561-9957-4584-9F5F-E67FD103EA19}.Debug|x86.ActiveCfg = Debug|Win32
		{7F736561-9957-4584-9F5F-E67FD103EA19}.Debug|x86.Build.0 = Debug|Win32
		{7F736561-9957-4584-9F5F-E67FD103EA19}.Release|x64.ActiveCfg = Release|x64
		{7F736561-9957-4584-9F5F-E67FD103EA19}.Release|x64.Build.0 = Release|x64
		{7F736561-9957-4584-9F5F-E67FD103EA19}.Release|x86.ActiveCfg = Release|Win32
		{7F736561-9957-4584-9F5F-E67FD103EA19}.Release|x86.Build.0 = Release|Win32
		{4536EB8A-F0FC-4CFF-A856-78BF1361B2F0}.Debug|x64.ActiveCfg = Debug|x64
		{4536EB8A-F0FC-4CFF-A856-78BF1361B2F0}.Debug|x64.Build.0 = Debug|x64
		{4536EB8A-F0FC-4CFF-A856-78BF1361B2F0}.Debug|x86.ActiveCfg = Debug|Win32
		{4536EB8A-F0FC-4CFF-A856-78BF1361B2F0}.Debug|x86.Build.0 = Debug|Win32
		{4536EB8A-F0FC-4CFF-A856-78BF1361B2F0}.Release|x64.ActiveCfg = Release|x64
		{4536EB8A-F0FC-4CFF-A856-78BF1361B2F0}.Release|x64.Build.0 = Release|x64
		{4536EB8A-F0FC-4CFF-A856-78BF1361B2F0}.Release|x86.ActiveCfg = Release|Win32
		{4536EB8A-F0FC-4CFF-A856-78BF1361B2F0}.Release|x86.Build.0 = Release|Win32
		{2D6F8C3B-0803-4D2F-8B66-0EE942E2E64C}.Debug|x64.ActiveCfg = Debug|x64
		{2D6F8C3B-0803-4D2F-8B66-0EE942E2E64C}.Debug|x64.Build.0 = Debug|x64
		{2D6F8C3B-0803-4D2F-8B66-0EE942E2E64C}.Debug|x86.ActiveCfg = Debug|Win32
		{2D6F8C3B-0803-4D2F-8B66-0EE942E2E64C}.Debug|x86.Build.0 = Debug|Win32
		{2D6F8C3B-0803-4D2F-8B66-0EE942E2E64C}.Release|x64.ActiveCfg = Release|x64
		{2D6F8C3B-0803-4D2F-8B66-0EE942E2E64C}.Release|x64.Build.0 = Release|x64
		{2D6F8C3B-0803-4D2F-8B66-0EE942E2E64C}.Release|x86.ActiveCfg = Release|Win32
		{2D6F8C3B-0803-4D2F-8B66-0EE942E2E64C}.Release|x86.Build.0 = Release|Win32
	EndGlobalSection
	GlobalSection(SolutionProperties) = preSolution
		HideSolutionNode = FALSE
	EndGlobalSection
	GlobalSection(ExtensibilityGlobals) = postSolution
		SolutionGuid = {BAFFE3D7-32B4-4A7F-9DCC-6DC7F7914EDB}
	EndGlobalSection
EndGlobal
