
Microsoft Visual Studio Solution File, Format Version 12.00
# Visual Studio Version 16
VisualStudioVersion = 16.0.32126.315
MinimumVisualStudioVersion = 10.0.40219.1
Project("{8BC9CEB8-8B4A-11D0-8D11-00A0C91BC942}") = "1", "1\1.vcxproj", "{AFA32EE9-6196-4298-9549-9DA3F35073E3}"
EndProject
Project("{8BC9CEB8-8B4A-11D0-8D11-00A0C91BC942}") = "2", "2\2.vcxproj", "{9DD33724-3D2F-4C86-AF0D-EE560156F8F4}"
EndProject
Project("{8BC9CEB8-8B4A-11D0-8D11-00A0C91BC942}") = "3", "3\3.vcxproj", "{C4ED1381-0D0F-4682-A399-2049FD48EF45}"
EndProject
Global
	GlobalSection(SolutionConfigurationPlatforms) = preSolution
		Debug|x64 = Debug|x64
		Debug|x86 = Debug|x86
		Release|x64 = Release|x64
		Release|x86 = Release|x86
	EndGlobalSection
	GlobalSection(ProjectConfigurationPlatforms) = postSolution
		{AFA32EE9-6196-4298-9549-9DA3F35073E3}.Debug|x64.ActiveCfg = Debug|x64
		{AFA32EE9-6196-4298-9549-9DA3F35073E3}.Debug|x64.Build.0 = Debug|x64
		{AFA32EE9-6196-4298-9549-9DA3F35073E3}.Debug|x86.ActiveCfg = Debug|Win32
		{AFA32EE9-6196-4298-9549-9DA3F35073E3}.Debug|x86.Build.0 = Debug|Win32
		{AFA32EE9-6196-4298-9549-9DA3F35073E3}.Release|x64.ActiveCfg = Release|x64
		{AFA32EE9-6196-4298-9549-9DA3F35073E3}.Release|x64.Build.0 = Release|x64
		{AFA32EE9-6196-4298-9549-9DA3F35073E3}.Release|x86.ActiveCfg = Release|Win32
		{AFA32EE9-6196-4298-9549-9DA3F35073E3}.Release|x86.Build.0 = Release|Win32
		{9DD33724-3D2F-4C86-AF0D-EE560156F8F4}.Debug|x64.ActiveCfg = Debug|x64
		{9DD33724-3D2F-4C86-AF0D-EE560156F8F4}.Debug|x64.Build.0 = Debug|x64
		{9DD33724-3D2F-4C86-AF0D-EE560156F8F4}.Debug|x86.ActiveCfg = Debug|Win32
		{9DD33724-3D2F-4C86-AF0D-EE560156F8F4}.Debug|x86.Build.0 = Debug|Win32
		{9DD33724-3D2F-4C86-AF0D-EE560156F8F4}.Release|x64.ActiveCfg = Release|x64
		{9DD33724-3D2F-4C86-AF0D-EE560156F8F4}.Release|x64.Build.0 = Release|x64
		{9DD33724-3D2F-4C86-AF0D-EE560156F8F4}.Release|x86.ActiveCfg = Release|Win32
		{9DD33724-3D2F-4C86-AF0D-EE560156F8F4}.Release|x86.Build.0 = Release|Win32
		{C4ED1381-0D0F-4682-A399-2049FD48EF45}.Debug|x64.ActiveCfg = Debug|x64
		{C4ED1381-0D0F-4682-A399-2049FD48EF45}.Debug|x64.Build.0 = Debug|x64
		{C4ED1381-0D0F-4682-A399-2049FD48EF45}.Debug|x86.ActiveCfg = Debug|Win32
		{C4ED1381-0D0F-4682-A399-2049FD48EF45}.Debug|x86.Build.0 = Debug|Win32
		{C4ED1381-0D0F-4682-A399-2049FD48EF45}.Release|x64.ActiveCfg = Release|x64
		{C4ED1381-0D0F-4682-A399-2049FD48EF45}.Release|x64.Build.0 = Release|x64
		{C4ED1381-0D0F-4682-A399-2049FD48EF45}.Release|x86.ActiveCfg = Release|Win32
		{C4ED1381-0D0F-4682-A399-2049FD48EF45}.Release|x86.Build.0 = Release|Win32
	EndGlobalSection
	GlobalSection(SolutionProperties) = preSolution
		HideSolutionNode = FALSE
	EndGlobalSection
	GlobalSection(ExtensibilityGlobals) = postSolution
		SolutionGuid = {1ABCE1D4-0561-43B6-95FB-0E05EF55DD9C}
	EndGlobalSection
EndGlobal
