
Microsoft Visual Studio Solution File, Format Version 12.00
# Visual Studio Version 16
VisualStudioVersion = 16.0.32126.315
MinimumVisualStudioVersion = 10.0.40219.1
Project("{8BC9CEB8-8B4A-11D0-8D11-00A0C91BC942}") = "1", "1\1.vcxproj", "{5B5B88E7-EE3D-4766-A576-9FE3511932AC}"
EndProject
Project("{8BC9CEB8-8B4A-11D0-8D11-00A0C91BC942}") = "2", "2\2.vcxproj", "{344A928E-FD2A-49AB-8B47-DF8520F0C653}"
EndProject
Project("{8BC9CEB8-8B4A-11D0-8D11-00A0C91BC942}") = "3", "3\3.vcxproj", "{C04F1F2F-F461-4B13-9469-BB79971969AE}"
EndProject
Global
	GlobalSection(SolutionConfigurationPlatforms) = preSolution
		Debug|x64 = Debug|x64
		Debug|x86 = Debug|x86
		Release|x64 = Release|x64
		Release|x86 = Release|x86
	EndGlobalSection
	GlobalSection(ProjectConfigurationPlatforms) = postSolution
		{5B5B88E7-EE3D-4766-A576-9FE3511932AC}.Debug|x64.ActiveCfg = Debug|x64
		{5B5B88E7-EE3D-4766-A576-9FE3511932AC}.Debug|x64.Build.0 = Debug|x64
		{5B5B88E7-EE3D-4766-A576-9FE3511932AC}.Debug|x86.ActiveCfg = Debug|Win32
		{5B5B88E7-EE3D-4766-A576-9FE3511932AC}.Debug|x86.Build.0 = Debug|Win32
		{5B5B88E7-EE3D-4766-A576-9FE3511932AC}.Release|x64.ActiveCfg = Release|x64
		{5B5B88E7-EE3D-4766-A576-9FE3511932AC}.Release|x64.Build.0 = Release|x64
		{5B5B88E7-EE3D-4766-A576-9FE3511932AC}.Release|x86.ActiveCfg = Release|Win32
		{5B5B88E7-EE3D-4766-A576-9FE3511932AC}.Release|x86.Build.0 = Release|Win32
		{344A928E-FD2A-49AB-8B47-DF8520F0C653}.Debug|x64.ActiveCfg = Debug|x64
		{344A928E-FD2A-49AB-8B47-DF8520F0C653}.Debug|x64.Build.0 = Debug|x64
		{344A928E-FD2A-49AB-8B47-DF8520F0C653}.Debug|x86.ActiveCfg = Debug|Win32
		{344A928E-FD2A-49AB-8B47-DF8520F0C653}.Debug|x86.Build.0 = Debug|Win32
		{344A928E-FD2A-49AB-8B47-DF8520F0C653}.Release|x64.ActiveCfg = Release|x64
		{344A928E-FD2A-49AB-8B47-DF8520F0C653}.Release|x64.Build.0 = Release|x64
		{344A928E-FD2A-49AB-8B47-DF8520F0C653}.Release|x86.ActiveCfg = Release|Win32
		{344A928E-FD2A-49AB-8B47-DF8520F0C653}.Release|x86.Build.0 = Release|Win32
		{C04F1F2F-F461-4B13-9469-BB79971969AE}.Debug|x64.ActiveCfg = Debug|x64
		{C04F1F2F-F461-4B13-9469-BB79971969AE}.Debug|x64.Build.0 = Debug|x64
		{C04F1F2F-F461-4B13-9469-BB79971969AE}.Debug|x86.ActiveCfg = Debug|Win32
		{C04F1F2F-F461-4B13-9469-BB79971969AE}.Debug|x86.Build.0 = Debug|Win32
		{C04F1F2F-F461-4B13-9469-BB79971969AE}.Release|x64.ActiveCfg = Release|x64
		{C04F1F2F-F461-4B13-9469-BB79971969AE}.Release|x64.Build.0 = Release|x64
		{C04F1F2F-F461-4B13-9469-BB79971969AE}.Release|x86.ActiveCfg = Release|Win32
		{C04F1F2F-F461-4B13-9469-BB79971969AE}.Release|x86.Build.0 = Release|Win32
	EndGlobalSection
	GlobalSection(SolutionProperties) = preSolution
		HideSolutionNode = FALSE
	EndGlobalSection
	GlobalSection(ExtensibilityGlobals) = postSolution
		SolutionGuid = {24DAC0D5-8633-48E7-B297-8CB854A7C5CE}
	EndGlobalSection
EndGlobal
