
Microsoft Visual Studio Solution File, Format Version 12.00
# Visual Studio Version 16
VisualStudioVersion = 16.0.32126.315
MinimumVisualStudioVersion = 10.0.40219.1
Project("{8BC9CEB8-8B4A-11D0-8D11-00A0C91BC942}") = "1", "1\1.vcxproj", "{C903BE58-4519-43FC-BA40-4137A1787A2A}"
EndProject
Project("{8BC9CEB8-8B4A-11D0-8D11-00A0C91BC942}") = "2", "2\2.vcxproj", "{A621DA0A-AE96-4E76-98B2-FDBE259097CE}"
EndProject
Global
	GlobalSection(SolutionConfigurationPlatforms) = preSolution
		Debug|x64 = Debug|x64
		Debug|x86 = Debug|x86
		Release|x64 = Release|x64
		Release|x86 = Release|x86
	EndGlobalSection
	GlobalSection(ProjectConfigurationPlatforms) = postSolution
		{C903BE58-4519-43FC-BA40-4137A1787A2A}.Debug|x64.ActiveCfg = Debug|x64
		{C903BE58-4519-43FC-BA40-4137A1787A2A}.Debug|x64.Build.0 = Debug|x64
		{C903BE58-4519-43FC-BA40-4137A1787A2A}.Debug|x86.ActiveCfg = Debug|Win32
		{C903BE58-4519-43FC-BA40-4137A1787A2A}.Debug|x86.Build.0 = Debug|Win32
		{C903BE58-4519-43FC-BA40-4137A1787A2A}.Release|x64.ActiveCfg = Release|x64
		{C903BE58-4519-43FC-BA40-4137A1787A2A}.Release|x64.Build.0 = Release|x64
		{C903BE58-4519-43FC-BA40-4137A1787A2A}.Release|x86.ActiveCfg = Release|Win32
		{C903BE58-4519-43FC-BA40-4137A1787A2A}.Release|x86.Build.0 = Release|Win32
		{A621DA0A-AE96-4E76-98B2-FDBE259097CE}.Debug|x64.ActiveCfg = Debug|x64
		{A621DA0A-AE96-4E76-98B2-FDBE259097CE}.Debug|x64.Build.0 = Debug|x64
		{A621DA0A-AE96-4E76-98B2-FDBE259097CE}.Debug|x86.ActiveCfg = Debug|Win32
		{A621DA0A-AE96-4E76-98B2-FDBE259097CE}.Debug|x86.Build.0 = Debug|Win32
		{A621DA0A-AE96-4E76-98B2-FDBE259097CE}.Release|x64.ActiveCfg = Release|x64
		{A621DA0A-AE96-4E76-98B2-FDBE259097CE}.Release|x64.Build.0 = Release|x64
		{A621DA0A-AE96-4E76-98B2-FDBE259097CE}.Release|x86.ActiveCfg = Release|Win32
		{A621DA0A-AE96-4E76-98B2-FDBE259097CE}.Release|x86.Build.0 = Release|Win32
	EndGlobalSection
	GlobalSection(SolutionProperties) = preSolution
		HideSolutionNode = FALSE
	EndGlobalSection
	GlobalSection(ExtensibilityGlobals) = postSolution
		SolutionGuid = {6F4A75FD-A50B-4109-B3EB-C874FD0CF14A}
	EndGlobalSection
EndGlobal
