
Microsoft Visual Studio Solution File, Format Version 12.00
# Visual Studio Version 16
VisualStudioVersion = 16.0.32228.343
MinimumVisualStudioVersion = 10.0.40219.1
Project("{8BC9CEB8-8B4A-11D0-8D11-00A0C91BC942}") = "1", "1\1.vcxproj", "{31B9193A-1789-42A0-A584-4A5C655EE8A1}"
EndProject
Project("{8BC9CEB8-8B4A-11D0-8D11-00A0C91BC942}") = "2", "2\2.vcxproj", "{5BC5214A-AE0A-40F1-A704-6214E3A6C6B9}"
EndProject
Global
	GlobalSection(SolutionConfigurationPlatforms) = preSolution
		Debug|x64 = Debug|x64
		Debug|x86 = Debug|x86
		Release|x64 = Release|x64
		Release|x86 = Release|x86
	EndGlobalSection
	GlobalSection(ProjectConfigurationPlatforms) = postSolution
		{31B9193A-1789-42A0-A584-4A5C655EE8A1}.Debug|x64.ActiveCfg = Debug|x64
		{31B9193A-1789-42A0-A584-4A5C655EE8A1}.Debug|x64.Build.0 = Debug|x64
		{31B9193A-1789-42A0-A584-4A5C655EE8A1}.Debug|x86.ActiveCfg = Debug|Win32
		{31B9193A-1789-42A0-A584-4A5C655EE8A1}.Debug|x86.Build.0 = Debug|Win32
		{31B9193A-1789-42A0-A584-4A5C655EE8A1}.Release|x64.ActiveCfg = Release|x64
		{31B9193A-1789-42A0-A584-4A5C655EE8A1}.Release|x64.Build.0 = Release|x64
		{31B9193A-1789-42A0-A584-4A5C655EE8A1}.Release|x86.ActiveCfg = Release|Win32
		{31B9193A-1789-42A0-A584-4A5C655EE8A1}.Release|x86.Build.0 = Release|Win32
		{5BC5214A-AE0A-40F1-A704-6214E3A6C6B9}.Debug|x64.ActiveCfg = Debug|x64
		{5BC5214A-AE0A-40F1-A704-6214E3A6C6B9}.Debug|x64.Build.0 = Debug|x64
		{5BC5214A-AE0A-40F1-A704-6214E3A6C6B9}.Debug|x86.ActiveCfg = Debug|Win32
		{5BC5214A-AE0A-40F1-A704-6214E3A6C6B9}.Debug|x86.Build.0 = Debug|Win32
		{5BC5214A-AE0A-40F1-A704-6214E3A6C6B9}.Release|x64.ActiveCfg = Release|x64
		{5BC5214A-AE0A-40F1-A704-6214E3A6C6B9}.Release|x64.Build.0 = Release|x64
		{5BC5214A-AE0A-40F1-A704-6214E3A6C6B9}.Release|x86.ActiveCfg = Release|Win32
		{5BC5214A-AE0A-40F1-A704-6214E3A6C6B9}.Release|x86.Build.0 = Release|Win32
	EndGlobalSection
	GlobalSection(SolutionProperties) = preSolution
		HideSolutionNode = FALSE
	EndGlobalSection
	GlobalSection(ExtensibilityGlobals) = postSolution
		SolutionGuid = {7EA8985C-190B-49F0-A15A-913FA2CDD75F}
	EndGlobalSection
EndGlobal
